// !$*UTF8*$!
{
	archiveVersion = 1;
	classes = {
	};
	objectVersion = 46;
	objects = {
/* Begin PBXBuildFile section */
		0207DA581B56EA530066E2B4 /* Images.xcassets in Resources */ = {isa = PBXBuildFile; fileRef = 0207DA571B56EA530066E2B4 /* Images.xcassets */; };
		12A93843E2534B37A1C066F2 /* libz.tbd in Frameworks */ = {isa = PBXBuildFile; fileRef = 4E9CE0AC433C4C34ABFBC058 /* libz.tbd */; settings = {ATTRIBUTES = (Weak, ); }; };
		1D3623260D0F684500981E51 /* AppDelegate.m in Sources */ = {isa = PBXBuildFile; fileRef = 1D3623250D0F684500981E51 /* AppDelegate.m */; };
		1D60589B0D05DD56006BFB54 /* main.m in Sources */ = {isa = PBXBuildFile; fileRef = 29B97316FDCFA39411CA2CEA /* main.m */; };
		2527FCA6A7B74DA2961687E1 /* AVFoundation.framework in Frameworks */ = {isa = PBXBuildFile; fileRef = 9568F8ECA690491692BA4635 /* AVFoundation.framework */; settings = {ATTRIBUTES = (Weak, ); }; };
		2A2131F288FD4ABA8E9EC4E6 /* MessageUI.framework in Frameworks */ = {isa = PBXBuildFile; fileRef = FA17BC3F2F904C8F8D2C11F7 /* MessageUI.framework */; settings = {ATTRIBUTES = (Weak, ); }; };
		301BF552109A68D80062928A /* libCordova.a in Frameworks */ = {isa = PBXBuildFile; fileRef = 301BF535109A57CC0062928A /* libCordova.a */; };
		302D95F114D2391D003F00A1 /* MainViewController.m in Sources */ = {isa = PBXBuildFile; fileRef = 302D95EF14D2391D003F00A1 /* MainViewController.m */; };
		302D95F214D2391D003F00A1 /* MainViewController.xib in Resources */ = {isa = PBXBuildFile; fileRef = 302D95F014D2391D003F00A1 /* MainViewController.xib */; };
		3047A5121AB8059700498E2A /* build-debug.xcconfig in Resources */ = {isa = PBXBuildFile; fileRef = 3047A50F1AB8059700498E2A /* build-debug.xcconfig */; };
		3047A5131AB8059700498E2A /* build-release.xcconfig in Resources */ = {isa = PBXBuildFile; fileRef = 3047A5101AB8059700498E2A /* build-release.xcconfig */; };
		3047A5141AB8059700498E2A /* build.xcconfig in Resources */ = {isa = PBXBuildFile; fileRef = 3047A5111AB8059700498E2A /* build.xcconfig */; };
		3B47FC0BDCF7449A848EA503 /* Social.framework in Frameworks */ = {isa = PBXBuildFile; fileRef = EDC4DF0FA9284D17BE371143 /* Social.framework */; settings = {ATTRIBUTES = (Weak, ); }; };
		3D1962B6610143BCA940CDA8 /* libxml2.tbd in Frameworks */ = {isa = PBXBuildFile; fileRef = 884D78CB9BA94354A768E5D8 /* libxml2.tbd */; settings = {ATTRIBUTES = (Weak, ); }; };
		529635841C6962C100B6E1CF /* GetSocial.framework in Frameworks */ = {isa = PBXBuildFile; fileRef = 529635811C6962C100B6E1CF /* GetSocial.framework */; };
		529635851C6962C100B6E1CF /* GetSocial.bundle in Resources */ = {isa = PBXBuildFile; fileRef = 529635831C6962C100B6E1CF /* GetSocial.bundle */; };
		5588F70ABD7B45E1A4F48730 /* Accounts.framework in Frameworks */ = {isa = PBXBuildFile; fileRef = 16710B3C1A57410D80161B38 /* Accounts.framework */; settings = {ATTRIBUTES = (Weak, ); }; };
		666A32A30F204921B08F48E9 /* libiconv.tbd in Frameworks */ = {isa = PBXBuildFile; fileRef = 8BF221D1088A485CBFEAFC05 /* libiconv.tbd */; settings = {ATTRIBUTES = (Weak, ); }; };
		8A9DB251A4B649E5AF274469 /* AudioToolbox.framework in Frameworks */ = {isa = PBXBuildFile; fileRef = E8A079E0C10545A1BAF3B468 /* AudioToolbox.framework */; settings = {ATTRIBUTES = (Weak, ); }; };
		8C094F0CC82C4B3DAEB49B01 /* CoreImage.framework in Frameworks */ = {isa = PBXBuildFile; fileRef = 0FA64C0A3E4B4C37BE651340 /* CoreImage.framework */; settings = {ATTRIBUTES = (Weak, ); }; };
		8FAF1EF00C674249A5BC261C /* libsqlite3.dylib in Frameworks */ = {isa = PBXBuildFile; fileRef = C6D868010A9E44318A1B6865 /* libsqlite3.dylib */; };
		989B63F1DA734E84BAC0423B /* AdSupport.framework in Frameworks */ = {isa = PBXBuildFile; fileRef = 7CEA6A66FFB9442BAE4A3965 /* AdSupport.framework */; settings = {ATTRIBUTES = (Weak, ); }; };
		98BCEE6103AB4D879A3E904C /* libresolv.tbd in Frameworks */ = {isa = PBXBuildFile; fileRef = BC433452FBAF4F879907B706 /* libresolv.tbd */; settings = {ATTRIBUTES = (Weak, ); }; };
		B890037AE6494E4AB9D925E7 /* Security.framework in Frameworks */ = {isa = PBXBuildFile; fileRef = 82FEF5E7A81D4D9D86871E58 /* Security.framework */; settings = {ATTRIBUTES = (Weak, ); }; };
		DD056B8A5730441BB22D3932 /* CoreLocation.framework in Frameworks */ = {isa = PBXBuildFile; fileRef = FADD26FC635849D0A29169A2 /* CoreLocation.framework */; settings = {ATTRIBUTES = (Weak, ); }; };
		EB98201CFC19480FB42BDBB5 /* SystemConfiguration.framework in Frameworks */ = {isa = PBXBuildFile; fileRef = B88EBCAFDC5D4792BB61551E /* SystemConfiguration.framework */; settings = {ATTRIBUTES = (Weak, ); }; };
		EDA46DE7C1BF4DF2A5ED1497 /* Accelerate.framework in Frameworks */ = {isa = PBXBuildFile; fileRef = 19B78A783F3C4F4F9D7AEAE0 /* Accelerate.framework */; settings = {ATTRIBUTES = (Weak, ); }; };
		F4CFDFB993F64D54987C3D8F /* CoreText.framework in Frameworks */ = {isa = PBXBuildFile; fileRef = 4174F53305704B0791A07510 /* CoreText.framework */; settings = {ATTRIBUTES = (Weak, ); }; };
		F55898ED2AFB4102AC94E6AA /* libsqlite3.tbd in Frameworks */ = {isa = PBXBuildFile; fileRef = 604586DFFCF9452C8FEF0245 /* libsqlite3.tbd */; settings = {ATTRIBUTES = (Weak, ); }; };
		F564DBCE2F20469494D291E5 /* CoreTelephony.framework in Frameworks */ = {isa = PBXBuildFile; fileRef = 7F8EF14CB45B4D138595564E /* CoreTelephony.framework */; settings = {ATTRIBUTES = (Weak, ); }; };
		F995A13F5DA0430AB8D0D714 /* CoreMedia.framework in Frameworks */ = {isa = PBXBuildFile; fileRef = B72A31BE6B324DE9865B46DD /* CoreMedia.framework */; settings = {ATTRIBUTES = (Weak, ); }; };
		5A0F815C187D4B32A08495DF /* FacebookConnectPlugin.m in Sources */ = {isa = PBXBuildFile; fileRef = 3582543C4FF6462BB8256728 /* FacebookConnectPlugin.m */; };
		649FDE41D9574C799F37B582 /* FacebookSDK.framework in Frameworks */ = {isa = PBXBuildFile; fileRef = 42DD71CF5FEA46B595A22C31 /* FacebookSDK.framework */; };
		EC7F582AE2FD495D97472466 /* GetSocialCordova.m in Sources */ = {isa = PBXBuildFile; fileRef = ED9E4E46919F442FB2A32D8C /* GetSocialCordova.m */; };
		A786FB2FF23F4D6CADCEEF4A /* GetSocialConfig.m in Sources */ = {isa = PBXBuildFile; fileRef = 23F2A5CC5F6142A7AF5D48F3 /* GetSocialConfig.m */; };
		7F41D6D7FEF34B60A3435B40 /* GetSocialPluginEvents.m in Sources */ = {isa = PBXBuildFile; fileRef = 439C6B312582454BA89A1D9C /* GetSocialPluginEvents.m */; };
		DF92EA4E1CA84FAAAF60A54A /* GetSocialPluginProxy.m in Sources */ = {isa = PBXBuildFile; fileRef = FA6C5E43FC6140F0B5C90140 /* GetSocialPluginProxy.m */; };
		BCA87C4CEE70414B9221B9DF /* GetSocial.embeddedframework in Resources */ = {isa = PBXBuildFile; fileRef = 52E0D7C4C5B3427791860780 /* GetSocial.embeddedframework */; };
/* End PBXBuildFile section */

/* Begin PBXContainerItemProxy section */
		301BF534109A57CC0062928A /* PBXContainerItemProxy */ = {
			isa = PBXContainerItemProxy;
			containerPortal = 301BF52D109A57CC0062928A /* CordovaLib.xcodeproj */;
			proxyType = 2;
			remoteGlobalIDString = D2AAC07E0554694100DB518D;
			remoteInfo = CordovaLib;
		};
		301BF550109A68C00062928A /* PBXContainerItemProxy */ = {
			isa = PBXContainerItemProxy;
			containerPortal = 301BF52D109A57CC0062928A /* CordovaLib.xcodeproj */;
			proxyType = 1;
			remoteGlobalIDString = D2AAC07D0554694100DB518D;
			remoteInfo = CordovaLib;
		};
/* End PBXContainerItemProxy section */

/* Begin PBXFileReference section */
		0207DA571B56EA530066E2B4 /* Images.xcassets */ = {isa = PBXFileReference; lastKnownFileType = folder.assetcatalog; name = Images.xcassets; path = "GetSocial Cordova Demo/Images.xcassets"; sourceTree = SOURCE_ROOT; };
		0FA64C0A3E4B4C37BE651340 /* CoreImage.framework */ = {isa = PBXFileReference; explicitFileType = undefined; fileEncoding = 9; includeInIndex = 0; lastKnownFileType = wrapper.framework; name = CoreImage.framework; path = System/Library/Frameworks/CoreImage.framework; sourceTree = SDKROOT; };
		16710B3C1A57410D80161B38 /* Accounts.framework */ = {isa = PBXFileReference; explicitFileType = undefined; fileEncoding = 9; includeInIndex = 0; lastKnownFileType = wrapper.framework; name = Accounts.framework; path = System/Library/Frameworks/Accounts.framework; sourceTree = SDKROOT; };
		19B78A783F3C4F4F9D7AEAE0 /* Accelerate.framework */ = {isa = PBXFileReference; explicitFileType = undefined; fileEncoding = 9; includeInIndex = 0; lastKnownFileType = wrapper.framework; name = Accelerate.framework; path = System/Library/Frameworks/Accelerate.framework; sourceTree = SDKROOT; };
		1D3623240D0F684500981E51 /* AppDelegate.h */ = {isa = PBXFileReference; fileEncoding = 4; lastKnownFileType = sourcecode.c.h; path = AppDelegate.h; sourceTree = "<group>"; };
		1D3623250D0F684500981E51 /* AppDelegate.m */ = {isa = PBXFileReference; fileEncoding = 4; lastKnownFileType = sourcecode.c.objc; path = AppDelegate.m; sourceTree = "<group>"; };
		1D6058910D05DD3D006BFB54 /* GetSocial Cordova Demo.app */ = {isa = PBXFileReference; explicitFileType = wrapper.application; includeInIndex = 0; path = "GetSocial Cordova Demo.app"; sourceTree = BUILT_PRODUCTS_DIR; };
		29B97316FDCFA39411CA2CEA /* main.m */ = {isa = PBXFileReference; fileEncoding = 4; lastKnownFileType = sourcecode.c.objc; path = main.m; sourceTree = "<group>"; };
		301BF52D109A57CC0062928A /* CordovaLib.xcodeproj */ = {isa = PBXFileReference; lastKnownFileType = "wrapper.pb-project"; name = CordovaLib.xcodeproj; path = CordovaLib/CordovaLib.xcodeproj; sourceTree = "<group>"; };
		301BF56E109A69640062928A /* www */ = {isa = PBXFileReference; lastKnownFileType = folder; path = www; sourceTree = SOURCE_ROOT; };
		302D95EE14D2391D003F00A1 /* MainViewController.h */ = {isa = PBXFileReference; fileEncoding = 4; lastKnownFileType = sourcecode.c.h; path = MainViewController.h; sourceTree = "<group>"; };
		302D95EF14D2391D003F00A1 /* MainViewController.m */ = {isa = PBXFileReference; fileEncoding = 4; lastKnownFileType = sourcecode.c.objc; path = MainViewController.m; sourceTree = "<group>"; };
		302D95F014D2391D003F00A1 /* MainViewController.xib */ = {isa = PBXFileReference; fileEncoding = 4; lastKnownFileType = file.xib; path = MainViewController.xib; sourceTree = "<group>"; };
		3047A50F1AB8059700498E2A /* build-debug.xcconfig */ = {isa = PBXFileReference; fileEncoding = 4; lastKnownFileType = text.xcconfig; name = "build-debug.xcconfig"; path = "cordova/build-debug.xcconfig"; sourceTree = SOURCE_ROOT; };
		3047A5101AB8059700498E2A /* build-release.xcconfig */ = {isa = PBXFileReference; fileEncoding = 4; lastKnownFileType = text.xcconfig; name = "build-release.xcconfig"; path = "cordova/build-release.xcconfig"; sourceTree = SOURCE_ROOT; };
		3047A5111AB8059700498E2A /* build.xcconfig */ = {isa = PBXFileReference; fileEncoding = 4; lastKnownFileType = text.xcconfig; name = build.xcconfig; path = cordova/build.xcconfig; sourceTree = SOURCE_ROOT; };
		32CA4F630368D1EE00C91783 /* GetSocial Cordova Demo-Prefix.pch */ = {isa = PBXFileReference; fileEncoding = 4; lastKnownFileType = sourcecode.c.h; path = "GetSocial Cordova Demo-Prefix.pch"; sourceTree = "<group>"; };
		4174F53305704B0791A07510 /* CoreText.framework */ = {isa = PBXFileReference; explicitFileType = undefined; fileEncoding = 9; includeInIndex = 0; lastKnownFileType = wrapper.framework; name = CoreText.framework; path = System/Library/Frameworks/CoreText.framework; sourceTree = SDKROOT; };
		4E9CE0AC433C4C34ABFBC058 /* libz.tbd */ = {isa = PBXFileReference; explicitFileType = undefined; fileEncoding = 9; includeInIndex = 0; lastKnownFileType = unknown; path = libz.tbd; sourceTree = "<group>"; };
		529635811C6962C100B6E1CF /* GetSocial.framework */ = {isa = PBXFileReference; lastKnownFileType = wrapper.framework; path = GetSocial.framework; sourceTree = "<group>"; };
		529635831C6962C100B6E1CF /* GetSocial.bundle */ = {isa = PBXFileReference; lastKnownFileType = "wrapper.plug-in"; path = GetSocial.bundle; sourceTree = "<group>"; };
		604586DFFCF9452C8FEF0245 /* libsqlite3.tbd */ = {isa = PBXFileReference; explicitFileType = undefined; fileEncoding = 9; includeInIndex = 0; lastKnownFileType = unknown; path = libsqlite3.tbd; sourceTree = "<group>"; };
		7CEA6A66FFB9442BAE4A3965 /* AdSupport.framework */ = {isa = PBXFileReference; explicitFileType = undefined; fileEncoding = 9; includeInIndex = 0; lastKnownFileType = wrapper.framework; name = AdSupport.framework; path = System/Library/Frameworks/AdSupport.framework; sourceTree = SDKROOT; };
		7F8EF14CB45B4D138595564E /* CoreTelephony.framework */ = {isa = PBXFileReference; explicitFileType = undefined; fileEncoding = 9; includeInIndex = 0; lastKnownFileType = wrapper.framework; name = CoreTelephony.framework; path = System/Library/Frameworks/CoreTelephony.framework; sourceTree = SDKROOT; };
		82FEF5E7A81D4D9D86871E58 /* Security.framework */ = {isa = PBXFileReference; explicitFileType = undefined; fileEncoding = 9; includeInIndex = 0; lastKnownFileType = wrapper.framework; name = Security.framework; path = System/Library/Frameworks/Security.framework; sourceTree = SDKROOT; };
		884D78CB9BA94354A768E5D8 /* libxml2.tbd */ = {isa = PBXFileReference; explicitFileType = undefined; fileEncoding = 9; includeInIndex = 0; lastKnownFileType = unknown; path = libxml2.tbd; sourceTree = "<group>"; };
		8BF221D1088A485CBFEAFC05 /* libiconv.tbd */ = {isa = PBXFileReference; explicitFileType = undefined; fileEncoding = 9; includeInIndex = 0; lastKnownFileType = unknown; path = libiconv.tbd; sourceTree = "<group>"; };
		8D1107310486CEB800E47090 /* GetSocial Cordova Demo-Info.plist */ = {isa = PBXFileReference; fileEncoding = 4; lastKnownFileType = text.plist.xml; name = "GetSocial Cordova Demo-Info.plist"; path = "GetSocial Cordova Demo/GetSocial Cordova Demo-Info.plist"; plistStructureDefinitionIdentifier = "com.apple.xcode.plist.structure-definition.iphone.info-plist"; sourceTree = SOURCE_ROOT; };
		9568F8ECA690491692BA4635 /* AVFoundation.framework */ = {isa = PBXFileReference; explicitFileType = undefined; fileEncoding = 9; includeInIndex = 0; lastKnownFileType = wrapper.framework; name = AVFoundation.framework; path = System/Library/Frameworks/AVFoundation.framework; sourceTree = SDKROOT; };
		B72A31BE6B324DE9865B46DD /* CoreMedia.framework */ = {isa = PBXFileReference; explicitFileType = undefined; fileEncoding = 9; includeInIndex = 0; lastKnownFileType = wrapper.framework; name = CoreMedia.framework; path = System/Library/Frameworks/CoreMedia.framework; sourceTree = SDKROOT; };
		B88EBCAFDC5D4792BB61551E /* SystemConfiguration.framework */ = {isa = PBXFileReference; explicitFileType = undefined; fileEncoding = 9; includeInIndex = 0; lastKnownFileType = wrapper.framework; name = SystemConfiguration.framework; path = System/Library/Frameworks/SystemConfiguration.framework; sourceTree = SDKROOT; };
		BC433452FBAF4F879907B706 /* libresolv.tbd */ = {isa = PBXFileReference; explicitFileType = undefined; fileEncoding = 9; includeInIndex = 0; lastKnownFileType = unknown; path = libresolv.tbd; sourceTree = "<group>"; };
		C6D868010A9E44318A1B6865 /* libsqlite3.dylib */ = {isa = PBXFileReference; explicitFileType = undefined; fileEncoding = 9; includeInIndex = 0; lastKnownFileType = "compiled.mach-o.dylib"; name = libsqlite3.dylib; path = usr/lib/libsqlite3.dylib; sourceTree = SDKROOT; };
		E8A079E0C10545A1BAF3B468 /* AudioToolbox.framework */ = {isa = PBXFileReference; explicitFileType = undefined; fileEncoding = 9; includeInIndex = 0; lastKnownFileType = wrapper.framework; name = AudioToolbox.framework; path = System/Library/Frameworks/AudioToolbox.framework; sourceTree = SDKROOT; };
		EB87FDF31871DA8E0020F90C /* www */ = {isa = PBXFileReference; lastKnownFileType = folder; name = www; path = ../../www; sourceTree = "<group>"; };
		EB87FDF41871DAF40020F90C /* config.xml */ = {isa = PBXFileReference; lastKnownFileType = text.xml; name = config.xml; path = ../../config.xml; sourceTree = "<group>"; };
		ED33DF2A687741AEAF9F8254 /* Bridging-Header.h */ = {isa = PBXFileReference; fileEncoding = 4; lastKnownFileType = sourcecode.c.h; path = "Bridging-Header.h"; sourceTree = "<group>"; };
		EDC4DF0FA9284D17BE371143 /* Social.framework */ = {isa = PBXFileReference; explicitFileType = undefined; fileEncoding = 9; includeInIndex = 0; lastKnownFileType = wrapper.framework; name = Social.framework; path = System/Library/Frameworks/Social.framework; sourceTree = SDKROOT; };
		F840E1F0165FE0F500CFE078 /* config.xml */ = {isa = PBXFileReference; lastKnownFileType = text.xml; name = config.xml; path = "GetSocial Cordova Demo/config.xml"; sourceTree = "<group>"; };
		FA17BC3F2F904C8F8D2C11F7 /* MessageUI.framework */ = {isa = PBXFileReference; explicitFileType = undefined; fileEncoding = 9; includeInIndex = 0; lastKnownFileType = wrapper.framework; name = MessageUI.framework; path = System/Library/Frameworks/MessageUI.framework; sourceTree = SDKROOT; };
		FADD26FC635849D0A29169A2 /* CoreLocation.framework */ = {isa = PBXFileReference; explicitFileType = undefined; fileEncoding = 9; includeInIndex = 0; lastKnownFileType = wrapper.framework; name = CoreLocation.framework; path = System/Library/Frameworks/CoreLocation.framework; sourceTree = SDKROOT; };
		3582543C4FF6462BB8256728 /* FacebookConnectPlugin.m */ = {isa = PBXFileReference; name = "FacebookConnectPlugin.m"; path = "phonegap-facebook-plugin/FacebookConnectPlugin.m"; sourceTree = "<group>"; fileEncoding = 4; lastKnownFileType = sourcecode.c.objc; explicitFileType = undefined; includeInIndex = 0; };
		CEAA97B5826A490489EBF582 /* FacebookConnectPlugin.h */ = {isa = PBXFileReference; name = "FacebookConnectPlugin.h"; path = "phonegap-facebook-plugin/FacebookConnectPlugin.h"; sourceTree = "<group>"; fileEncoding = 4; lastKnownFileType = sourcecode.c.h; explicitFileType = undefined; includeInIndex = 0; };
		42DD71CF5FEA46B595A22C31 /* FacebookSDK.framework */ = {isa = PBXFileReference; name = "FacebookSDK.framework"; path = "GetSocial Cordova Demo/Plugins/phonegap-facebook-plugin/FacebookSDK.framework"; sourceTree = "<group>"; fileEncoding = undefined; lastKnownFileType = wrapper.framework; explicitFileType = undefined; includeInIndex = 0; };
		ED9E4E46919F442FB2A32D8C /* GetSocialCordova.m */ = {isa = PBXFileReference; name = "GetSocialCordova.m"; path = "com.getsocialsdk.cordova/GetSocialSDKPluign/GetSocialCordova.m"; sourceTree = "<group>"; fileEncoding = 4; lastKnownFileType = sourcecode.c.objc; explicitFileType = undefined; includeInIndex = 0; };
		23F2A5CC5F6142A7AF5D48F3 /* GetSocialConfig.m */ = {isa = PBXFileReference; name = "GetSocialConfig.m"; path = "com.getsocialsdk.cordova/GetSocialSDKPluign/GetSocialConfig.m"; sourceTree = "<group>"; fileEncoding = 4; lastKnownFileType = sourcecode.c.objc; explicitFileType = undefined; includeInIndex = 0; };
		439C6B312582454BA89A1D9C /* GetSocialPluginEvents.m */ = {isa = PBXFileReference; name = "GetSocialPluginEvents.m"; path = "com.getsocialsdk.cordova/GetSocialSDKPluign/GetSocialPluginEvents.m"; sourceTree = "<group>"; fileEncoding = 4; lastKnownFileType = sourcecode.c.objc; explicitFileType = undefined; includeInIndex = 0; };
		FA6C5E43FC6140F0B5C90140 /* GetSocialPluginProxy.m */ = {isa = PBXFileReference; name = "GetSocialPluginProxy.m"; path = "com.getsocialsdk.cordova/GetSocialSDKPluign/GetSocialPluginProxy.m"; sourceTree = "<group>"; fileEncoding = 4; lastKnownFileType = sourcecode.c.objc; explicitFileType = undefined; includeInIndex = 0; };
		18DD74B991EA4DF48886343C /* GetSocialCordova.h */ = {isa = PBXFileReference; name = "GetSocialCordova.h"; path = "com.getsocialsdk.cordova/GetSocialSDKPluign/GetSocialCordova.h"; sourceTree = "<group>"; fileEncoding = 4; lastKnownFileType = sourcecode.c.h; explicitFileType = undefined; includeInIndex = 0; };
		5C14CA5660DB4CAB8B99C5DA /* GetSocialConfig.h */ = {isa = PBXFileReference; name = "GetSocialConfig.h"; path = "com.getsocialsdk.cordova/GetSocialSDKPluign/GetSocialConfig.h"; sourceTree = "<group>"; fileEncoding = 4; lastKnownFileType = sourcecode.c.h; explicitFileType = undefined; includeInIndex = 0; };
		92B394DAE9E141ED9699429F /* GetSocialPluginEvents.h */ = {isa = PBXFileReference; name = "GetSocialPluginEvents.h"; path = "com.getsocialsdk.cordova/GetSocialSDKPluign/GetSocialPluginEvents.h"; sourceTree = "<group>"; fileEncoding = 4; lastKnownFileType = sourcecode.c.h; explicitFileType = undefined; includeInIndex = 0; };
		8B969BB631F341CCBF4FE73B /* GetSocialPluginProxy.h */ = {isa = PBXFileReference; name = "GetSocialPluginProxy.h"; path = "com.getsocialsdk.cordova/GetSocialSDKPluign/GetSocialPluginProxy.h"; sourceTree = "<group>"; fileEncoding = 4; lastKnownFileType = sourcecode.c.h; explicitFileType = undefined; includeInIndex = 0; };
		52E0D7C4C5B3427791860780 /* GetSocial.embeddedframework */ = {isa = PBXFileReference; name = "GetSocial.embeddedframework"; path = "GetSocial.embeddedframework"; sourceTree = "<group>"; fileEncoding = undefined; lastKnownFileType = unknown; explicitFileType = undefined; includeInIndex = 0; };
/* End PBXFileReference section */

/* Begin PBXFrameworksBuildPhase section */
		1D60588F0D05DD3D006BFB54 /* Frameworks */ = {
			isa = PBXFrameworksBuildPhase;
			buildActionMask = 2147483647;
			files = (
				301BF552109A68D80062928A /* libCordova.a in Frameworks */,
				8FAF1EF00C674249A5BC261C /* libsqlite3.dylib in Frameworks */,
				3B47FC0BDCF7449A848EA503 /* Social.framework in Frameworks */,
				529635841C6962C100B6E1CF /* GetSocial.framework in Frameworks */,
				5588F70ABD7B45E1A4F48730 /* Accounts.framework in Frameworks */,
				B890037AE6494E4AB9D925E7 /* Security.framework in Frameworks */,
				EDA46DE7C1BF4DF2A5ED1497 /* Accelerate.framework in Frameworks */,
				989B63F1DA734E84BAC0423B /* AdSupport.framework in Frameworks */,
				8A9DB251A4B649E5AF274469 /* AudioToolbox.framework in Frameworks */,
				2527FCA6A7B74DA2961687E1 /* AVFoundation.framework in Frameworks */,
				8C094F0CC82C4B3DAEB49B01 /* CoreImage.framework in Frameworks */,
				DD056B8A5730441BB22D3932 /* CoreLocation.framework in Frameworks */,
				F995A13F5DA0430AB8D0D714 /* CoreMedia.framework in Frameworks */,
				F564DBCE2F20469494D291E5 /* CoreTelephony.framework in Frameworks */,
				F4CFDFB993F64D54987C3D8F /* CoreText.framework in Frameworks */,
				2A2131F288FD4ABA8E9EC4E6 /* MessageUI.framework in Frameworks */,
				EB98201CFC19480FB42BDBB5 /* SystemConfiguration.framework in Frameworks */,
				666A32A30F204921B08F48E9 /* libiconv.tbd in Frameworks */,
				98BCEE6103AB4D879A3E904C /* libresolv.tbd in Frameworks */,
				F55898ED2AFB4102AC94E6AA /* libsqlite3.tbd in Frameworks */,
				3D1962B6610143BCA940CDA8 /* libxml2.tbd in Frameworks */,
				12A93843E2534B37A1C066F2 /* libz.tbd in Frameworks */,
				649FDE41D9574C799F37B582 /* FacebookSDK.framework in Frameworks */,
			);
			runOnlyForDeploymentPostprocessing = 0;
		};
/* End PBXFrameworksBuildPhase section */

/* Begin PBXGroup section */
		080E96DDFE201D6D7F000001 /* Classes */ = {
			isa = PBXGroup;
			children = (
				302D95EE14D2391D003F00A1 /* MainViewController.h */,
				302D95EF14D2391D003F00A1 /* MainViewController.m */,
				302D95F014D2391D003F00A1 /* MainViewController.xib */,
				1D3623240D0F684500981E51 /* AppDelegate.h */,
				1D3623250D0F684500981E51 /* AppDelegate.m */,
			);
			name = Classes;
			path = "GetSocial Cordova Demo/Classes";
			sourceTree = SOURCE_ROOT;
		};
		19C28FACFE9D520D11CA2CBB /* Products */ = {
			isa = PBXGroup;
			children = (
				1D6058910D05DD3D006BFB54 /* GetSocial Cordova Demo.app */,
			);
			name = Products;
			sourceTree = "<group>";
		};
		29B97314FDCFA39411CA2CEA /* CustomTemplate */ = {
			isa = PBXGroup;
			children = (
				529635801C6962C100B6E1CF /* GetSocial.embeddedframework */,
				EB87FDF41871DAF40020F90C /* config.xml */,
				EB87FDF31871DA8E0020F90C /* www */,
				EB87FDF11871DA420020F90C /* Staging */,
				301BF52D109A57CC0062928A /* CordovaLib.xcodeproj */,
				080E96DDFE201D6D7F000001 /* Classes */,
				307C750510C5A3420062BCA9 /* Plugins */,
				29B97315FDCFA39411CA2CEA /* Other Sources */,
				29B97317FDCFA39411CA2CEA /* Resources */,
				29B97323FDCFA39411CA2CEA /* Frameworks */,
				19C28FACFE9D520D11CA2CBB /* Products */,
			);
			name = CustomTemplate;
			sourceTree = "<group>";
		};
		29B97315FDCFA39411CA2CEA /* Other Sources */ = {
			isa = PBXGroup;
			children = (
				32CA4F630368D1EE00C91783 /* GetSocial Cordova Demo-Prefix.pch */,
				29B97316FDCFA39411CA2CEA /* main.m */,
				ED33DF2A687741AEAF9F8254 /* Bridging-Header.h */,
			);
			name = "Other Sources";
			path = "GetSocial Cordova Demo";
			sourceTree = "<group>";
		};
		29B97317FDCFA39411CA2CEA /* Resources */ = {
			isa = PBXGroup;
			children = (
				0207DA571B56EA530066E2B4 /* Images.xcassets */,
				3047A50E1AB8057F00498E2A /* config */,
				8D1107310486CEB800E47090 /* GetSocial Cordova Demo-Info.plist */,
				52E0D7C4C5B3427791860780 /* GetSocial.embeddedframework */,
			);
			name = Resources;
			path = "GetSocial Cordova Demo/Resources";
			sourceTree = "<group>";
		};
		29B97323FDCFA39411CA2CEA /* Frameworks */ = {
			isa = PBXGroup;
			children = (
				C6D868010A9E44318A1B6865 /* libsqlite3.dylib */,
				EDC4DF0FA9284D17BE371143 /* Social.framework */,
				16710B3C1A57410D80161B38 /* Accounts.framework */,
				82FEF5E7A81D4D9D86871E58 /* Security.framework */,
				19B78A783F3C4F4F9D7AEAE0 /* Accelerate.framework */,
				7CEA6A66FFB9442BAE4A3965 /* AdSupport.framework */,
				E8A079E0C10545A1BAF3B468 /* AudioToolbox.framework */,
				9568F8ECA690491692BA4635 /* AVFoundation.framework */,
				0FA64C0A3E4B4C37BE651340 /* CoreImage.framework */,
				FADD26FC635849D0A29169A2 /* CoreLocation.framework */,
				B72A31BE6B324DE9865B46DD /* CoreMedia.framework */,
				7F8EF14CB45B4D138595564E /* CoreTelephony.framework */,
				4174F53305704B0791A07510 /* CoreText.framework */,
				FA17BC3F2F904C8F8D2C11F7 /* MessageUI.framework */,
				B88EBCAFDC5D4792BB61551E /* SystemConfiguration.framework */,
				8BF221D1088A485CBFEAFC05 /* libiconv.tbd */,
				BC433452FBAF4F879907B706 /* libresolv.tbd */,
				604586DFFCF9452C8FEF0245 /* libsqlite3.tbd */,
				884D78CB9BA94354A768E5D8 /* libxml2.tbd */,
				4E9CE0AC433C4C34ABFBC058 /* libz.tbd */,
				42DD71CF5FEA46B595A22C31 /* FacebookSDK.framework */,
			);
			name = Frameworks;
			sourceTree = "<group>";
		};
		301BF52E109A57CC0062928A /* Products */ = {
			isa = PBXGroup;
			children = (
				301BF535109A57CC0062928A /* libCordova.a */,
			);
			name = Products;
			sourceTree = "<group>";
		};
		3047A50E1AB8057F00498E2A /* config */ = {
			isa = PBXGroup;
			children = (
				3047A50F1AB8059700498E2A /* build-debug.xcconfig */,
				3047A5101AB8059700498E2A /* build-release.xcconfig */,
				3047A5111AB8059700498E2A /* build.xcconfig */,
			);
			name = config;
			sourceTree = "<group>";
		};
		307C750510C5A3420062BCA9 /* Plugins */ = {
			isa = PBXGroup;
			children = (
				3582543C4FF6462BB8256728 /* FacebookConnectPlugin.m */,
				CEAA97B5826A490489EBF582 /* FacebookConnectPlugin.h */,
				ED9E4E46919F442FB2A32D8C /* GetSocialCordova.m */,
				23F2A5CC5F6142A7AF5D48F3 /* GetSocialConfig.m */,
				439C6B312582454BA89A1D9C /* GetSocialPluginEvents.m */,
				FA6C5E43FC6140F0B5C90140 /* GetSocialPluginProxy.m */,
				18DD74B991EA4DF48886343C /* GetSocialCordova.h */,
				5C14CA5660DB4CAB8B99C5DA /* GetSocialConfig.h */,
				92B394DAE9E141ED9699429F /* GetSocialPluginEvents.h */,
				8B969BB631F341CCBF4FE73B /* GetSocialPluginProxy.h */,
			);
			name = Plugins;
			path = "GetSocial Cordova Demo/Plugins";
			sourceTree = SOURCE_ROOT;
		};
		529635801C6962C100B6E1CF /* GetSocial.embeddedframework */ = {
			isa = PBXGroup;
			children = (
				529635811C6962C100B6E1CF /* GetSocial.framework */,
				529635821C6962C100B6E1CF /* Resources */,
			);
			path = GetSocial.embeddedframework;
			sourceTree = "<group>";
		};
		529635821C6962C100B6E1CF /* Resources */ = {
			isa = PBXGroup;
			children = (
				529635831C6962C100B6E1CF /* GetSocial.bundle */,
			);
			path = Resources;
			sourceTree = "<group>";
		};
		EB87FDF11871DA420020F90C /* Staging */ = {
			isa = PBXGroup;
			children = (
				F840E1F0165FE0F500CFE078 /* config.xml */,
				301BF56E109A69640062928A /* www */,
			);
			name = Staging;
			sourceTree = "<group>";
		};
/* End PBXGroup section */

/* Begin PBXNativeTarget section */
		1D6058900D05DD3D006BFB54 /* GetSocial Cordova Demo */ = {
			isa = PBXNativeTarget;
			buildConfigurationList = 1D6058960D05DD3E006BFB54 /* Build configuration list for PBXNativeTarget "GetSocial Cordova Demo" */;
			buildPhases = (
				304B58A110DAC018002A0835 /* Copy www directory */,
				1D60588D0D05DD3D006BFB54 /* Resources */,
				1D60588E0D05DD3D006BFB54 /* Sources */,
				1D60588F0D05DD3D006BFB54 /* Frameworks */,
			);
			buildRules = (
			);
			dependencies = (
				301BF551109A68C00062928A /* PBXTargetDependency */,
			);
			name = "GetSocial Cordova Demo";
			productName = "GetSocial Cordova Demo";
			productReference = 1D6058910D05DD3D006BFB54 /* GetSocial Cordova Demo.app */;
			productType = "com.apple.product-type.application";
		};
/* End PBXNativeTarget section */

/* Begin PBXProject section */
		29B97313FDCFA39411CA2CEA /* Project object */ = {
			isa = PBXProject;
			attributes = {
				LastUpgradeCheck = 510;
			};
			buildConfigurationList = C01FCF4E08A954540054247B /* Build configuration list for PBXProject "GetSocial Cordova Demo" */;
			compatibilityVersion = "Xcode 3.2";
			developmentRegion = English;
			hasScannedForEncodings = 1;
			knownRegions = (
				en,
			);
			mainGroup = 29B97314FDCFA39411CA2CEA /* CustomTemplate */;
			projectDirPath = "";
			projectReferences = (
				{
					ProductGroup = 301BF52E109A57CC0062928A /* Products */;
					ProjectRef = 301BF52D109A57CC0062928A /* CordovaLib.xcodeproj */;
				},
			);
			projectRoot = "";
			targets = (
				1D6058900D05DD3D006BFB54 /* GetSocial Cordova Demo */,
			);
		};
/* End PBXProject section */

/* Begin PBXReferenceProxy section */
		301BF535109A57CC0062928A /* libCordova.a */ = {
			isa = PBXReferenceProxy;
			fileType = archive.ar;
			path = libCordova.a;
			remoteRef = 301BF534109A57CC0062928A /* PBXContainerItemProxy */;
			sourceTree = BUILT_PRODUCTS_DIR;
		};
/* End PBXReferenceProxy section */

/* Begin PBXResourcesBuildPhase section */
		1D60588D0D05DD3D006BFB54 /* Resources */ = {
			isa = PBXResourcesBuildPhase;
			buildActionMask = 2147483647;
			files = (
				302D95F214D2391D003F00A1 /* MainViewController.xib in Resources */,
				529635851C6962C100B6E1CF /* GetSocial.bundle in Resources */,
				3047A5131AB8059700498E2A /* build-release.xcconfig in Resources */,
				3047A5141AB8059700498E2A /* build.xcconfig in Resources */,
				0207DA581B56EA530066E2B4 /* Images.xcassets in Resources */,
				3047A5121AB8059700498E2A /* build-debug.xcconfig in Resources */,
				BCA87C4CEE70414B9221B9DF /* GetSocial.embeddedframework in Resources */,
			);
			runOnlyForDeploymentPostprocessing = 0;
		};
/* End PBXResourcesBuildPhase section */

/* Begin PBXShellScriptBuildPhase section */
		304B58A110DAC018002A0835 /* Copy www directory */ = {
			isa = PBXShellScriptBuildPhase;
			buildActionMask = 2147483647;
			files = (
			);
			inputPaths = (
			);
			name = "Copy www directory";
			outputPaths = (
			);
			runOnlyForDeploymentPostprocessing = 0;
			shellPath = /bin/sh;
			shellScript = "NODEJS_PATH=/usr/local/bin; NVM_NODE_PATH=~/.nvm/versions/node/`nvm version 2>/dev/null`/bin; N_NODE_PATH=`find /usr/local/n/versions/node/* -maxdepth 0 -type d 2>/dev/null | tail -1`/bin; XCODE_NODE_PATH=`xcode-select --print-path`/usr/share/xcs/Node/bin; PATH=$NODEJS_PATH:$NVM_NODE_PATH:$N_NODE_PATH:$XCODE_NODE_PATH:$PATH && node cordova/lib/copy-www-build-step.js";
			showEnvVarsInLog = 0;
		};
/* End PBXShellScriptBuildPhase section */

/* Begin PBXSourcesBuildPhase section */
		1D60588E0D05DD3D006BFB54 /* Sources */ = {
			isa = PBXSourcesBuildPhase;
			buildActionMask = 2147483647;
			files = (
				1D60589B0D05DD56006BFB54 /* main.m in Sources */,
				1D3623260D0F684500981E51 /* AppDelegate.m in Sources */,
				302D95F114D2391D003F00A1 /* MainViewController.m in Sources */,
				5A0F815C187D4B32A08495DF /* FacebookConnectPlugin.m in Sources */,
				EC7F582AE2FD495D97472466 /* GetSocialCordova.m in Sources */,
				A786FB2FF23F4D6CADCEEF4A /* GetSocialConfig.m in Sources */,
				7F41D6D7FEF34B60A3435B40 /* GetSocialPluginEvents.m in Sources */,
				DF92EA4E1CA84FAAAF60A54A /* GetSocialPluginProxy.m in Sources */,
			);
			runOnlyForDeploymentPostprocessing = 0;
		};
/* End PBXSourcesBuildPhase section */

/* Begin PBXTargetDependency section */
		301BF551109A68C00062928A /* PBXTargetDependency */ = {
			isa = PBXTargetDependency;
			name = CordovaLib;
			targetProxy = 301BF550109A68C00062928A /* PBXContainerItemProxy */;
		};
/* End PBXTargetDependency section */

/* Begin XCBuildConfiguration section */
		1D6058940D05DD3E006BFB54 /* Debug */ = {
			isa = XCBuildConfiguration;
			baseConfigurationReference = 3047A50F1AB8059700498E2A /* build-debug.xcconfig */;
			buildSettings = {
				ALWAYS_SEARCH_USER_PATHS = NO;
				ASSETCATALOG_COMPILER_APPICON_NAME = AppIcon;
				ASSETCATALOG_COMPILER_LAUNCHIMAGE_NAME = LaunchImage;
				CLANG_ENABLE_MODULES = YES;
				CLANG_ENABLE_OBJC_ARC = YES;
				COPY_PHASE_STRIP = NO;
				FRAMEWORK_SEARCH_PATHS = (
					"$(inherited)",
					GetSocial,
					Cordova,
					"Demo/Plugins/phonegap-facebook-plugin",
					"$(PROJECT_DIR)/www/GetSocial.embeddedframework",
					GetSocial,
					Cordova,
					"Demo/Plugins/phonegap-facebook-plugin",
					"$(PROJECT_DIR)/GetSocial.embeddedframework",
					"$(PROJECT_DIR)/GetSocial",
					Cordova,
					"Demo/Plugins/phonegap-facebook-plugin",
					"\"GetSocial Cordova Demo/Plugins/phonegap-facebook-plugin\"",
				);
				GCC_DYNAMIC_NO_PIC = NO;
				GCC_OPTIMIZATION_LEVEL = 0;
				GCC_PRECOMPILE_PREFIX_HEADER = YES;
				GCC_PREFIX_HEADER = "GetSocial Cordova Demo/GetSocial Cordova Demo-Prefix.pch";
				GCC_THUMB_SUPPORT = NO;
				GCC_VERSION = "";
				INFOPLIST_FILE = "GetSocial Cordova Demo/GetSocial Cordova Demo-Info.plist";
				LD_RUNPATH_SEARCH_PATHS = "@executable_path/Frameworks";
				PRODUCT_NAME = "GetSocial Cordova Demo";
			};
			name = Debug;
		};
		1D6058950D05DD3E006BFB54 /* Release */ = {
			isa = XCBuildConfiguration;
			baseConfigurationReference = 3047A5101AB8059700498E2A /* build-release.xcconfig */;
			buildSettings = {
				ALWAYS_SEARCH_USER_PATHS = NO;
				ASSETCATALOG_COMPILER_APPICON_NAME = AppIcon;
				ASSETCATALOG_COMPILER_LAUNCHIMAGE_NAME = LaunchImage;
				CLANG_ENABLE_MODULES = YES;
				CLANG_ENABLE_OBJC_ARC = YES;
				COPY_PHASE_STRIP = YES;
				FRAMEWORK_SEARCH_PATHS = (
					"$(inherited)",
					GetSocial,
					Cordova,
					"Demo/Plugins/phonegap-facebook-plugin",
					"$(PROJECT_DIR)/www/GetSocial.embeddedframework",
					GetSocial,
					Cordova,
					"Demo/Plugins/phonegap-facebook-plugin",
					"$(PROJECT_DIR)/GetSocial.embeddedframework",
					"$(PROJECT_DIR)/GetSocial",
					Cordova,
					"Demo/Plugins/phonegap-facebook-plugin",
					"\"GetSocial Cordova Demo/Plugins/phonegap-facebook-plugin\"",
				);
				GCC_PRECOMPILE_PREFIX_HEADER = YES;
				GCC_PREFIX_HEADER = "GetSocial Cordova Demo/GetSocial Cordova Demo-Prefix.pch";
				GCC_THUMB_SUPPORT = NO;
				GCC_VERSION = "";
				INFOPLIST_FILE = "GetSocial Cordova Demo/GetSocial Cordova Demo-Info.plist";
				PRODUCT_NAME = "GetSocial Cordova Demo";
			};
			name = Release;
		};
		C01FCF4F08A954540054247B /* Debug */ = {
			isa = XCBuildConfiguration;
			baseConfigurationReference = 3047A5111AB8059700498E2A /* build.xcconfig */;
			buildSettings = {
				CLANG_ENABLE_MODULES = YES;
				CLANG_ENABLE_OBJC_ARC = YES;
				CLANG_WARN_BOOL_CONVERSION = YES;
				CLANG_WARN_CONSTANT_CONVERSION = YES;
				CLANG_WARN_EMPTY_BODY = YES;
				CLANG_WARN_ENUM_CONVERSION = YES;
				CLANG_WARN_INT_CONVERSION = YES;
				CLANG_WARN__DUPLICATE_METHOD_MATCH = YES;
				GCC_C_LANGUAGE_STANDARD = c99;
				GCC_THUMB_SUPPORT = NO;
				GCC_VERSION = "";
				GCC_WARN_ABOUT_RETURN_TYPE = YES;
				GCC_WARN_UNDECLARED_SELECTOR = YES;
				GCC_WARN_UNINITIALIZED_AUTOS = YES;
				GCC_WARN_UNUSED_FUNCTION = YES;
				GCC_WARN_UNUSED_VARIABLE = YES;
				ONLY_ACTIVE_ARCH = YES;
				SDKROOT = iphoneos;
				SKIP_INSTALL = NO;
			};
			name = Debug;
		};
		C01FCF5008A954540054247B /* Release */ = {
			isa = XCBuildConfiguration;
			baseConfigurationReference = 3047A5111AB8059700498E2A /* build.xcconfig */;
			buildSettings = {
				CLANG_ENABLE_MODULES = YES;
				CLANG_ENABLE_OBJC_ARC = YES;
				CLANG_WARN_BOOL_CONVERSION = YES;
				CLANG_WARN_CONSTANT_CONVERSION = YES;
				CLANG_WARN_EMPTY_BODY = YES;
				CLANG_WARN_ENUM_CONVERSION = YES;
				CLANG_WARN_INT_CONVERSION = YES;
				CLANG_WARN__DUPLICATE_METHOD_MATCH = YES;
				GCC_C_LANGUAGE_STANDARD = c99;
				GCC_THUMB_SUPPORT = NO;
				GCC_VERSION = "";
				GCC_WARN_ABOUT_RETURN_TYPE = YES;
				GCC_WARN_UNDECLARED_SELECTOR = YES;
				GCC_WARN_UNINITIALIZED_AUTOS = YES;
				GCC_WARN_UNUSED_FUNCTION = YES;
				GCC_WARN_UNUSED_VARIABLE = YES;
				SDKROOT = iphoneos;
				SKIP_INSTALL = NO;
			};
			name = Release;
		};
/* End XCBuildConfiguration section */

/* Begin XCConfigurationList section */
		1D6058960D05DD3E006BFB54 /* Build configuration list for PBXNativeTarget "GetSocial Cordova Demo" */ = {
			isa = XCConfigurationList;
			buildConfigurations = (
				1D6058940D05DD3E006BFB54 /* Debug */,
				1D6058950D05DD3E006BFB54 /* Release */,
			);
			defaultConfigurationIsVisible = 0;
			defaultConfigurationName = Release;
		};
		C01FCF4E08A954540054247B /* Build configuration list for PBXProject "GetSocial Cordova Demo" */ = {
			isa = XCConfigurationList;
			buildConfigurations = (
				C01FCF4F08A954540054247B /* Debug */,
				C01FCF5008A954540054247B /* Release */,
			);
			defaultConfigurationIsVisible = 0;
			defaultConfigurationName = Release;
		};
/* End XCConfigurationList section */
	};
	rootObject = 29B97313FDCFA39411CA2CEA /* Project object */;
}
